
Microsoft Visual Studio Solution File, Format Version 12.00
# Visual Studio Version 16
VisualStudioVersion = 16.0.31129.286
MinimumVisualStudioVersion = 10.0.40219.1
Project("{888888A0-9F3D-457C-B088-3A5042F75D52}") = "Devanagari-Character-Recognition", "Devanagari-Character-Recognition.pyproj", "{4081A806-9686-489C-AA48-5845E97DBFE9}"
EndProject
Global
	GlobalSection(SolutionConfigurationPlatforms) = preSolution
		Debug|Any CPU = Debug|Any CPU
		Release|Any CPU = Release|Any CPU
	EndGlobalSection
	GlobalSection(ProjectConfigurationPlatforms) = postSolution
		{4081A806-9686-489C-AA48-5845E97DBFE9}.Debug|Any CPU.ActiveCfg = Debug|Any CPU
		{4081A806-9686-489C-AA48-5845E97DBFE9}.Release|Any CPU.ActiveCfg = Release|Any CPU
	EndGlobalSection
	GlobalSection(SolutionProperties) = preSolution
		HideSolutionNode = FALSE
	EndGlobalSection
	GlobalSection(ExtensibilityGlobals) = postSolution
		SolutionGuid = {FD1E0996-AA0B-456C-98AF-99938EEF807C}
	EndGlobalSection
EndGlobal
